
Microsoft Visual Studio Solution File, Format Version 12.00
# Visual Studio 15
VisualStudioVersion = 15.0.28307.271
MinimumVisualStudioVersion = 10.0.40219.1
Project("{FAE04EC0-301F-11D3-BF4B-00C04F79EFBC}") = "dotnetcorewebapplication", "dotnetcorewebapplication\dotnetcorewebapplication.csproj", "{80499909-B415-47D3-A00D-6CFD8BBCAD6E}"
EndProject
Project("{FAE04EC0-301F-11D3-BF4B-00C04F79EFBC}") = "dotnetcorewebapplicationtest", "dotnetcorewebapplicationtest\dotnetcorewebapplicationtest.csproj", "{C89B6314-C8B3-4521-9431-72815971D704}"
EndProject
Global
	GlobalSection(SolutionConfigurationPlatforms) = preSolution
		Debug|Any CPU = Debug|Any CPU
		Release|Any CPU = Release|Any CPU
	EndGlobalSection
	GlobalSection(ProjectConfigurationPlatforms) = postSolution
		{80499909-B415-47D3-A00D-6CFD8BBCAD6E}.Debug|Any CPU.ActiveCfg = Debug|Any CPU
		{80499909-B415-47D3-A00D-6CFD8BBCAD6E}.Debug|Any CPU.Build.0 = Debug|Any CPU
		{80499909-B415-47D3-A00D-6CFD8BBCAD6E}.Release|Any CPU.ActiveCfg = Release|Any CPU
		{80499909-B415-47D3-A00D-6CFD8BBCAD6E}.Release|Any CPU.Build.0 = Release|Any CPU
		{C89B6314-C8B3-4521-9431-72815971D704}.Debug|Any CPU.ActiveCfg = Debug|Any CPU
		{C89B6314-C8B3-4521-9431-72815971D704}.Debug|Any CPU.Build.0 = Debug|Any CPU
		{C89B6314-C8B3-4521-9431-72815971D704}.Release|Any CPU.ActiveCfg = Release|Any CPU
		{C89B6314-C8B3-4521-9431-72815971D704}.Release|Any CPU.Build.0 = Release|Any CPU
	EndGlobalSection
	GlobalSection(SolutionProperties) = preSolution
		HideSolutionNode = FALSE
	EndGlobalSection
	GlobalSection(ExtensibilityGlobals) = postSolution
		SolutionGuid = {B1861FB2-98A6-4D50-8474-D1C78D1F4979}
	EndGlobalSection
EndGlobal
